
Microsoft Visual Studio Solution File, Format Version 12.00
# Visual Studio 15
VisualStudioVersion = 15.0.27004.2006
MinimumVisualStudioVersion = 10.0.40219.1
Project("{FAE04EC0-301F-11D3-BF4B-00C04F79EFBC}") = "SynchroGazer", "SynchroGazer\SynchroGazer.csproj", "{7D9BDC1F-6B03-41B1-B377-EACD29271417}"
EndProject
Global
	GlobalSection(SolutionConfigurationPlatforms) = preSolution
		Debug|Any CPU = Debug|Any CPU
		Release|Any CPU = Release|Any CPU
	EndGlobalSection
	GlobalSection(ProjectConfigurationPlatforms) = postSolution
		{7D9BDC1F-6B03-41B1-B377-EACD29271417}.Debug|Any CPU.ActiveCfg = Debug|Any CPU
		{7D9BDC1F-6B03-41B1-B377-EACD29271417}.Debug|Any CPU.Build.0 = Debug|Any CPU
		{7D9BDC1F-6B03-41B1-B377-EACD29271417}.Release|Any CPU.ActiveCfg = Release|Any CPU
		{7D9BDC1F-6B03-41B1-B377-EACD29271417}.Release|Any CPU.Build.0 = Release|Any CPU
	EndGlobalSection
	GlobalSection(SolutionProperties) = preSolution
		HideSolutionNode = FALSE
	EndGlobalSection
	GlobalSection(ExtensibilityGlobals) = postSolution
		SolutionGuid = {641542B4-C55E-4792-BE98-89B62D7E21B0}
	EndGlobalSection
EndGlobal
